[[package]]
name = "base32"
version = "0.4.0"
source = "registry+https://github.com/rust-lang/crates.io-index"

[[package]]
name = "r-dc"
version = "0.1.0"
dependencies = [
 "base32 0.4.0 (registry+https://github.com/rust-lang/crates.io-index)",
]

[metadata]
"checksum base32 0.4.0 (registry+https://github.com/rust-lang/crates.io-index)" = "23ce669cd6c8588f79e15cf450314f9638f967fc5770ff1c7c1deb0925ea7cfa"
